// !$*UTF8*$!
{
	archiveVersion = 1;
	classes = {
	};
	objectVersion = 48;
	objects = {

/* Begin PBXBuildFile section */
		4C58EEB4200433B600812E51 /* OrbitalPositions.m in Sources */ = {isa = PBXBuildFile; fileRef = 4C58EEB3200433B600812E51 /* OrbitalPositions.m */; };
		4C58EEB7200440DD00812E51 /* OrbitalPositionTests.m in Sources */ = {isa = PBXBuildFile; fileRef = 4C58EEB6200440DD00812E51 /* OrbitalPositionTests.m */; };
		4C58EEC02005F5BF00812E51 /* OptionsViewController.swift in Sources */ = {isa = PBXBuildFile; fileRef = 4C58EEBF2005F5BE00812E51 /* OptionsViewController.swift */; };
		4C58EEC22006008500812E51 /* OrreryWindow.swift in Sources */ = {isa = PBXBuildFile; fileRef = 4C58EEC12006008500812E51 /* OrreryWindow.swift */; };
		4C58EEC4200600A500812E51 /* OptionsWindow.swift in Sources */ = {isa = PBXBuildFile; fileRef = 4C58EEC3200600A500812E51 /* OptionsWindow.swift */; };
		4C74A71820004DC300CF1206 /* AppDelegate.swift in Sources */ = {isa = PBXBuildFile; fileRef = 4C74A71720004DC300CF1206 /* AppDelegate.swift */; };
		4C74A71E20004DC300CF1206 /* Assets.xcassets in Resources */ = {isa = PBXBuildFile; fileRef = 4C74A71D20004DC300CF1206 /* Assets.xcassets */; };
		4C74A72120004DC300CF1206 /* Main.storyboard in Resources */ = {isa = PBXBuildFile; fileRef = 4C74A71F20004DC300CF1206 /* Main.storyboard */; };
		4C74A72D20004DC300CF1206 /* OrreryTests.swift in Sources */ = {isa = PBXBuildFile; fileRef = 4C74A72C20004DC300CF1206 /* OrreryTests.swift */; };
		4C74A73820004DC300CF1206 /* OrreryUITests.swift in Sources */ = {isa = PBXBuildFile; fileRef = 4C74A73720004DC300CF1206 /* OrreryUITests.swift */; };
		4C74A748200161C600CF1206 /* OrreryViewController.swift in Sources */ = {isa = PBXBuildFile; fileRef = 4C74A747200161C500CF1206 /* OrreryViewController.swift */; };
		4C74A74C200171C200CF1206 /* CelestialBody.swift in Sources */ = {isa = PBXBuildFile; fileRef = 4C74A74B200171C200CF1206 /* CelestialBody.swift */; };
/* End PBXBuildFile section */

/* Begin PBXContainerItemProxy section */
		4C74A72920004DC300CF1206 /* PBXContainerItemProxy */ = {
			isa = PBXContainerItemProxy;
			containerPortal = 4C74A70C20004DC300CF1206 /* Project object */;
			proxyType = 1;
			remoteGlobalIDString = 4C74A71320004DC300CF1206;
			remoteInfo = Orrery;
		};
		4C74A73420004DC300CF1206 /* PBXContainerItemProxy */ = {
			isa = PBXContainerItemProxy;
			containerPortal = 4C74A70C20004DC300CF1206 /* Project object */;
			proxyType = 1;
			remoteGlobalIDString = 4C74A71320004DC300CF1206;
			remoteInfo = Orrery;
		};
/* End PBXContainerItemProxy section */

/* Begin PBXFileReference section */
		4C58EEB12004318B00812E51 /* Orrery-Bridging-Header.h */ = {isa = PBXFileReference; lastKnownFileType = sourcecode.c.h; path = "Orrery-Bridging-Header.h"; sourceTree = "<group>"; };
		4C58EEB2200433B600812E51 /* OrbitalPositions.h */ = {isa = PBXFileReference; lastKnownFileType = sourcecode.c.h; path = OrbitalPositions.h; sourceTree = "<group>"; };
		4C58EEB3200433B600812E51 /* OrbitalPositions.m */ = {isa = PBXFileReference; lastKnownFileType = sourcecode.c.objc; path = OrbitalPositions.m; sourceTree = "<group>"; };
		4C58EEB5200440DC00812E51 /* OrreryTests-Bridging-Header.h */ = {isa = PBXFileReference; lastKnownFileType = sourcecode.c.h; path = "OrreryTests-Bridging-Header.h"; sourceTree = "<group>"; };
		4C58EEB6200440DD00812E51 /* OrbitalPositionTests.m */ = {isa = PBXFileReference; lastKnownFileType = sourcecode.c.objc; path = OrbitalPositionTests.m; sourceTree = "<group>"; };
		4C58EEBF2005F5BE00812E51 /* OptionsViewController.swift */ = {isa = PBXFileReference; fileEncoding = 4; lastKnownFileType = sourcecode.swift; path = OptionsViewController.swift; sourceTree = "<group>"; };
		4C58EEC12006008500812E51 /* OrreryWindow.swift */ = {isa = PBXFileReference; lastKnownFileType = sourcecode.swift; path = OrreryWindow.swift; sourceTree = "<group>"; };
		4C58EEC3200600A500812E51 /* OptionsWindow.swift */ = {isa = PBXFileReference; lastKnownFileType = sourcecode.swift; path = OptionsWindow.swift; sourceTree = "<group>"; };
		4C58EEC520068DA200812E51 /* README.md */ = {isa = PBXFileReference; lastKnownFileType = net.daringfireball.markdown; path = README.md; sourceTree = "<group>"; };
		4C74A71420004DC300CF1206 /* Orrery.app */ = {isa = PBXFileReference; explicitFileType = wrapper.application; includeInIndex = 0; path = Orrery.app; sourceTree = BUILT_PRODUCTS_DIR; };
		4C74A71720004DC300CF1206 /* AppDelegate.swift */ = {isa = PBXFileReference; lastKnownFileType = sourcecode.swift; path = AppDelegate.swift; sourceTree = "<group>"; };
		4C74A71D20004DC300CF1206 /* Assets.xcassets */ = {isa = PBXFileReference; lastKnownFileType = folder.assetcatalog; path = Assets.xcassets; sourceTree = "<group>"; };
		4C74A72020004DC300CF1206 /* Base */ = {isa = PBXFileReference; lastKnownFileType = file.storyboard; name = Base; path = Base.lproj/Main.storyboard; sourceTree = "<group>"; };
		4C74A72220004DC300CF1206 /* Info.plist */ = {isa = PBXFileReference; lastKnownFileType = text.plist.xml; path = Info.plist; sourceTree = "<group>"; };
		4C74A72320004DC300CF1206 /* Orrery.entitlements */ = {isa = PBXFileReference; lastKnownFileType = text.plist.entitlements; path = Orrery.entitlements; sourceTree = "<group>"; };
		4C74A72820004DC300CF1206 /* OrreryTests.xctest */ = {isa = PBXFileReference; explicitFileType = wrapper.cfbundle; includeInIndex = 0; path = OrreryTests.xctest; sourceTree = BUILT_PRODUCTS_DIR; };
		4C74A72C20004DC300CF1206 /* OrreryTests.swift */ = {isa = PBXFileReference; lastKnownFileType = sourcecode.swift; path = OrreryTests.swift; sourceTree = "<group>"; };
		4C74A72E20004DC300CF1206 /* Info.plist */ = {isa = PBXFileReference; lastKnownFileType = text.plist.xml; path = Info.plist; sourceTree = "<group>"; };
		4C74A73320004DC300CF1206 /* OrreryUITests.xctest */ = {isa = PBXFileReference; explicitFileType = wrapper.cfbundle; includeInIndex = 0; path = OrreryUITests.xctest; sourceTree = BUILT_PRODUCTS_DIR; };
		4C74A73720004DC300CF1206 /* OrreryUITests.swift */ = {isa = PBXFileReference; lastKnownFileType = sourcecode.swift; path = OrreryUITests.swift; sourceTree = "<group>"; };
		4C74A73920004DC300CF1206 /* Info.plist */ = {isa = PBXFileReference; lastKnownFileType = text.plist.xml; path = Info.plist; sourceTree = "<group>"; };
		4C74A747200161C500CF1206 /* OrreryViewController.swift */ = {isa = PBXFileReference; fileEncoding = 4; lastKnownFileType = sourcecode.swift; path = OrreryViewController.swift; sourceTree = "<group>"; };
		4C74A74B200171C200CF1206 /* CelestialBody.swift */ = {isa = PBXFileReference; lastKnownFileType = sourcecode.swift; path = CelestialBody.swift; sourceTree = "<group>"; };
/* End PBXFileReference section */

/* Begin PBXFrameworksBuildPhase section */
		4C74A71120004DC300CF1206 /* Frameworks */ = {
			isa = PBXFrameworksBuildPhase;
			buildActionMask = 2147483647;
			files = (
			);
			runOnlyForDeploymentPostprocessing = 0;
		};
		4C74A72520004DC300CF1206 /* Frameworks */ = {
			isa = PBXFrameworksBuildPhase;
			buildActionMask = 2147483647;
			files = (
			);
			runOnlyForDeploymentPostprocessing = 0;
		};
		4C74A73020004DC300CF1206 /* Frameworks */ = {
			isa = PBXFrameworksBuildPhase;
			buildActionMask = 2147483647;
			files = (
			);
			runOnlyForDeploymentPostprocessing = 0;
		};
/* End PBXFrameworksBuildPhase section */

/* Begin PBXGroup section */
		4C74A70B20004DC300CF1206 = {
			isa = PBXGroup;
			children = (
				4C58EEC520068DA200812E51 /* README.md */,
				4C74A71620004DC300CF1206 /* Orrery */,
				4C74A72B20004DC300CF1206 /* OrreryTests */,
				4C74A73620004DC300CF1206 /* OrreryUITests */,
				4C74A71520004DC300CF1206 /* Products */,
			);
			sourceTree = "<group>";
		};
		4C74A71520004DC300CF1206 /* Products */ = {
			isa = PBXGroup;
			children = (
				4C74A71420004DC300CF1206 /* Orrery.app */,
				4C74A72820004DC300CF1206 /* OrreryTests.xctest */,
				4C74A73320004DC300CF1206 /* OrreryUITests.xctest */,
			);
			name = Products;
			sourceTree = "<group>";
		};
		4C74A71620004DC300CF1206 /* Orrery */ = {
			isa = PBXGroup;
			children = (
				4C74A71720004DC300CF1206 /* AppDelegate.swift */,
				4C58EEC12006008500812E51 /* OrreryWindow.swift */,
				4C74A747200161C500CF1206 /* OrreryViewController.swift */,
				4C58EEC3200600A500812E51 /* OptionsWindow.swift */,
				4C58EEBF2005F5BE00812E51 /* OptionsViewController.swift */,
				4C74A74B200171C200CF1206 /* CelestialBody.swift */,
				4C58EEB12004318B00812E51 /* Orrery-Bridging-Header.h */,
				4C58EEB2200433B600812E51 /* OrbitalPositions.h */,
				4C58EEB3200433B600812E51 /* OrbitalPositions.m */,
				4C74A71D20004DC300CF1206 /* Assets.xcassets */,
				4C74A71F20004DC300CF1206 /* Main.storyboard */,
				4C74A72220004DC300CF1206 /* Info.plist */,
				4C74A72320004DC300CF1206 /* Orrery.entitlements */,
			);
			path = Orrery;
			sourceTree = "<group>";
		};
		4C74A72B20004DC300CF1206 /* OrreryTests */ = {
			isa = PBXGroup;
			children = (
				4C74A72C20004DC300CF1206 /* OrreryTests.swift */,
				4C74A72E20004DC300CF1206 /* Info.plist */,
				4C58EEB6200440DD00812E51 /* OrbitalPositionTests.m */,
				4C58EEB5200440DC00812E51 /* OrreryTests-Bridging-Header.h */,
			);
			path = OrreryTests;
			sourceTree = "<group>";
		};
		4C74A73620004DC300CF1206 /* OrreryUITests */ = {
			isa = PBXGroup;
			children = (
				4C74A73720004DC300CF1206 /* OrreryUITests.swift */,
				4C74A73920004DC300CF1206 /* Info.plist */,
			);
			path = OrreryUITests;
			sourceTree = "<group>";
		};
/* End PBXGroup section */

/* Begin PBXNativeTarget section */
		4C74A71320004DC300CF1206 /* Orrery */ = {
			isa = PBXNativeTarget;
			buildConfigurationList = 4C74A73C20004DC300CF1206 /* Build configuration list for PBXNativeTarget "Orrery" */;
			buildPhases = (
				4C74A71020004DC300CF1206 /* Sources */,
				4C74A71120004DC300CF1206 /* Frameworks */,
				4C74A71220004DC300CF1206 /* Resources */,
			);
			buildRules = (
			);
			dependencies = (
			);
			name = Orrery;
			productName = Orrery;
			productReference = 4C74A71420004DC300CF1206 /* Orrery.app */;
			productType = "com.apple.product-type.application";
		};
		4C74A72720004DC300CF1206 /* OrreryTests */ = {
			isa = PBXNativeTarget;
			buildConfigurationList = 4C74A73F20004DC300CF1206 /* Build configuration list for PBXNativeTarget "OrreryTests" */;
			buildPhases = (
				4C74A72420004DC300CF1206 /* Sources */,
				4C74A72520004DC300CF1206 /* Frameworks */,
				4C74A72620004DC300CF1206 /* Resources */,
			);
			buildRules = (
			);
			dependencies = (
				4C74A72A20004DC300CF1206 /* PBXTargetDependency */,
			);
			name = OrreryTests;
			productName = OrreryTests;
			productReference = 4C74A72820004DC300CF1206 /* OrreryTests.xctest */;
			productType = "com.apple.product-type.bundle.unit-test";
		};
		4C74A73220004DC300CF1206 /* OrreryUITests */ = {
			isa = PBXNativeTarget;
			buildConfigurationList = 4C74A74220004DC300CF1206 /* Build configuration list for PBXNativeTarget "OrreryUITests" */;
			buildPhases = (
				4C74A72F20004DC300CF1206 /* Sources */,
				4C74A73020004DC300CF1206 /* Frameworks */,
				4C74A73120004DC300CF1206 /* Resources */,
			);
			buildRules = (
			);
			dependencies = (
				4C74A73520004DC300CF1206 /* PBXTargetDependency */,
			);
			name = OrreryUITests;
			productName = OrreryUITests;
			productReference = 4C74A73320004DC300CF1206 /* OrreryUITests.xctest */;
			productType = "com.apple.product-type.bundle.ui-testing";
		};
/* End PBXNativeTarget section */

/* Begin PBXProject section */
		4C74A70C20004DC300CF1206 /* Project object */ = {
			isa = PBXProject;
			attributes = {
				LastSwiftUpdateCheck = 0920;
				LastUpgradeCheck = 0920;
				ORGANIZATIONNAME = norobostudios;
				TargetAttributes = {
					4C74A71320004DC300CF1206 = {
						CreatedOnToolsVersion = 9.2;
						LastSwiftMigration = 0920;
						ProvisioningStyle = Automatic;
					};
					4C74A72720004DC300CF1206 = {
						CreatedOnToolsVersion = 9.2;
						LastSwiftMigration = 0920;
						ProvisioningStyle = Automatic;
						TestTargetID = 4C74A71320004DC300CF1206;
					};
					4C74A73220004DC300CF1206 = {
						CreatedOnToolsVersion = 9.2;
						ProvisioningStyle = Automatic;
						TestTargetID = 4C74A71320004DC300CF1206;
					};
				};
			};
			buildConfigurationList = 4C74A70F20004DC300CF1206 /* Build configuration list for PBXProject "Orrery" */;
			compatibilityVersion = "Xcode 8.0";
			developmentRegion = en;
			hasScannedForEncodings = 0;
			knownRegions = (
				en,
				Base,
			);
			mainGroup = 4C74A70B20004DC300CF1206;
			productRefGroup = 4C74A71520004DC300CF1206 /* Products */;
			projectDirPath = "";
			projectRoot = "";
			targets = (
				4C74A71320004DC300CF1206 /* Orrery */,
				4C74A72720004DC300CF1206 /* OrreryTests */,
				4C74A73220004DC300CF1206 /* OrreryUITests */,
			);
		};
/* End PBXProject section */

/* Begin PBXResourcesBuildPhase section */
		4C74A71220004DC300CF1206 /* Resources */ = {
			isa = PBXResourcesBuildPhase;
			buildActionMask = 2147483647;
			files = (
				4C74A72120004DC300CF1206 /* Main.storyboard in Resources */,
				4C74A71E20004DC300CF1206 /* Assets.xcassets in Resources */,
			);
			runOnlyForDeploymentPostprocessing = 0;
		};
		4C74A72620004DC300CF1206 /* Resources */ = {
			isa = PBXResourcesBuildPhase;
			buildActionMask = 2147483647;
			files = (
			);
			runOnlyForDeploymentPostprocessing = 0;
		};
		4C74A73120004DC300CF1206 /* Resources */ = {
			isa = PBXResourcesBuildPhase;
			buildActionMask = 2147483647;
			files = (
			);
			runOnlyForDeploymentPostprocessing = 0;
		};
/* End PBXResourcesBuildPhase section */

/* Begin PBXSourcesBuildPhase section */
		4C74A71020004DC300CF1206 /* Sources */ = {
			isa = PBXSourcesBuildPhase;
			buildActionMask = 2147483647;
			files = (
				4C58EEC4200600A500812E51 /* OptionsWindow.swift in Sources */,
				4C74A74C200171C200CF1206 /* CelestialBody.swift in Sources */,
				4C74A748200161C600CF1206 /* OrreryViewController.swift in Sources */,
				4C58EEC22006008500812E51 /* OrreryWindow.swift in Sources */,
				4C74A71820004DC300CF1206 /* AppDelegate.swift in Sources */,
				4C58EEB4200433B600812E51 /* OrbitalPositions.m in Sources */,
				4C58EEC02005F5BF00812E51 /* OptionsViewController.swift in Sources */,
			);
			runOnlyForDeploymentPostprocessing = 0;
		};
		4C74A72420004DC300CF1206 /* Sources */ = {
			isa = PBXSourcesBuildPhase;
			buildActionMask = 2147483647;
			files = (
				4C58EEB7200440DD00812E51 /* OrbitalPositionTests.m in Sources */,
				4C74A72D20004DC300CF1206 /* OrreryTests.swift in Sources */,
			);
			runOnlyForDeploymentPostprocessing = 0;
		};
		4C74A72F20004DC300CF1206 /* Sources */ = {
			isa = PBXSourcesBuildPhase;
			buildActionMask = 2147483647;
			files = (
				4C74A73820004DC300CF1206 /* OrreryUITests.swift in Sources */,
			);
			runOnlyForDeploymentPostprocessing = 0;
		};
/* End PBXSourcesBuildPhase section */

/* Begin PBXTargetDependency section */
		4C74A72A20004DC300CF1206 /* PBXTargetDependency */ = {
			isa = PBXTargetDependency;
			target = 4C74A71320004DC300CF1206 /* Orrery */;
			targetProxy = 4C74A72920004DC300CF1206 /* PBXContainerItemProxy */;
		};
		4C74A73520004DC300CF1206 /* PBXTargetDependency */ = {
			isa = PBXTargetDependency;
			target = 4C74A71320004DC300CF1206 /* Orrery */;
			targetProxy = 4C74A73420004DC300CF1206 /* PBXContainerItemProxy */;
		};
/* End PBXTargetDependency section */

/* Begin PBXVariantGroup section */
		4C74A71F20004DC300CF1206 /* Main.storyboard */ = {
			isa = PBXVariantGroup;
			children = (
				4C74A72020004DC300CF1206 /* Base */,
			);
			name = Main.storyboard;
			sourceTree = "<group>";
		};
/* End PBXVariantGroup section */

/* Begin XCBuildConfiguration section */
		4C74A73A20004DC300CF1206 /* Debug */ = {
			isa = XCBuildConfiguration;
			buildSettings = {
				ALWAYS_SEARCH_USER_PATHS = NO;
				CLANG_ANALYZER_NONNULL = YES;
				CLANG_ANALYZER_NUMBER_OBJECT_CONVERSION = YES_AGGRESSIVE;
				CLANG_CXX_LANGUAGE_STANDARD = "gnu++14";
				CLANG_CXX_LIBRARY = "libc++";
				CLANG_ENABLE_MODULES = YES;
				CLANG_ENABLE_OBJC_ARC = YES;
				CLANG_WARN_BLOCK_CAPTURE_AUTORELEASING = YES;
				CLANG_WARN_BOOL_CONVERSION = YES;
				CLANG_WARN_COMMA = YES;
				CLANG_WARN_CONSTANT_CONVERSION = YES;
				CLANG_WARN_DIRECT_OBJC_ISA_USAGE = YES_ERROR;
				CLANG_WARN_DOCUMENTATION_COMMENTS = YES;
				CLANG_WARN_EMPTY_BODY = YES;
				CLANG_WARN_ENUM_CONVERSION = YES;
				CLANG_WARN_INFINITE_RECURSION = YES;
				CLANG_WARN_INT_CONVERSION = YES;
				CLANG_WARN_NON_LITERAL_NULL_CONVERSION = YES;
				CLANG_WARN_OBJC_LITERAL_CONVERSION = YES;
				CLANG_WARN_OBJC_ROOT_CLASS = YES_ERROR;
				CLANG_WARN_RANGE_LOOP_ANALYSIS = YES;
				CLANG_WARN_STRICT_PROTOTYPES = YES;
				CLANG_WARN_SUSPICIOUS_MOVE = YES;
				CLANG_WARN_UNGUARDED_AVAILABILITY = YES_AGGRESSIVE;
				CLANG_WARN_UNREACHABLE_CODE = YES;
				CLANG_WARN__DUPLICATE_METHOD_MATCH = YES;
				CODE_SIGN_IDENTITY = "Mac Developer";
				COPY_PHASE_STRIP = NO;
				DEBUG_INFORMATION_FORMAT = dwarf;
				ENABLE_STRICT_OBJC_MSGSEND = YES;
				ENABLE_TESTABILITY = YES;
				GCC_C_LANGUAGE_STANDARD = gnu11;
				GCC_DYNAMIC_NO_PIC = NO;
				GCC_NO_COMMON_BLOCKS = YES;
				GCC_OPTIMIZATION_LEVEL = 0;
				GCC_PREPROCESSOR_DEFINITIONS = (
					"DEBUG=1",
					"$(inherited)",
				);
				GCC_WARN_64_TO_32_BIT_CONVERSION = YES;
				GCC_WARN_ABOUT_RETURN_TYPE = YES_ERROR;
				GCC_WARN_UNDECLARED_SELECTOR = YES;
				GCC_WARN_UNINITIALIZED_AUTOS = YES_AGGRESSIVE;
				GCC_WARN_UNUSED_FUNCTION = YES;
				GCC_WARN_UNUSED_VARIABLE = YES;
				MACOSX_DEPLOYMENT_TARGET = 10.12;
				MTL_ENABLE_DEBUG_INFO = YES;
				ONLY_ACTIVE_ARCH = YES;
				SDKROOT = macosx;
				SWIFT_ACTIVE_COMPILATION_CONDITIONS = DEBUG;
				SWIFT_OPTIMIZATION_LEVEL = "-Onone";
			};
			name = Debug;
		};
		4C74A73B20004DC300CF1206 /* Release */ = {
			isa = XCBuildConfiguration;
			buildSettings = {
				ALWAYS_SEARCH_USER_PATHS = NO;
				CLANG_ANALYZER_NONNULL = YES;
				CLANG_ANALYZER_NUMBER_OBJECT_CONVERSION = YES_AGGRESSIVE;
				CLANG_CXX_LANGUAGE_STANDARD = "gnu++14";
				CLANG_CXX_LIBRARY = "libc++";
				CLANG_ENABLE_MODULES = YES;
				CLANG_ENABLE_OBJC_ARC = YES;
				CLANG_WARN_BLOCK_CAPTURE_AUTORELEASING = YES;
				CLANG_WARN_BOOL_CONVERSION = YES;
				CLANG_WARN_COMMA = YES;
				CLANG_WARN_CONSTANT_CONVERSION = YES;
				CLANG_WARN_DIRECT_OBJC_ISA_USAGE = YES_ERROR;
				CLANG_WARN_DOCUMENTATION_COMMENTS = YES;
				CLANG_WARN_EMPTY_BODY = YES;
				CLANG_WARN_ENUM_CONVERSION = YES;
				CLANG_WARN_INFINITE_RECURSION = YES;
				CLANG_WARN_INT_CONVERSION = YES;
				CLANG_WARN_NON_LITERAL_NULL_CONVERSION = YES;
				CLANG_WARN_OBJC_LITERAL_CONVERSION = YES;
				CLANG_WARN_OBJC_ROOT_CLASS = YES_ERROR;
				CLANG_WARN_RANGE_LOOP_ANALYSIS = YES;
				CLANG_WARN_STRICT_PROTOTYPES = YES;
				CLANG_WARN_SUSPICIOUS_MOVE = YES;
				CLANG_WARN_UNGUARDED_AVAILABILITY = YES_AGGRESSIVE;
				CLANG_WARN_UNREACHABLE_CODE = YES;
				CLANG_WARN__DUPLICATE_METHOD_MATCH = YES;
				CODE_SIGN_IDENTITY = "Mac Developer";
				COPY_PHASE_STRIP = NO;
				DEBUG_INFORMATION_FORMAT = "dwarf-with-dsym";
				ENABLE_NS_ASSERTIONS = NO;
				ENABLE_STRICT_OBJC_MSGSEND = YES;
				GCC_C_LANGUAGE_STANDARD = gnu11;
				GCC_NO_COMMON_BLOCKS = YES;
				GCC_WARN_64_TO_32_BIT_CONVERSION = YES;
				GCC_WARN_ABOUT_RETURN_TYPE = YES_ERROR;
				GCC_WARN_UNDECLARED_SELECTOR = YES;
				GCC_WARN_UNINITIALIZED_AUTOS = YES_AGGRESSIVE;
				GCC_WARN_UNUSED_FUNCTION = YES;
				GCC_WARN_UNUSED_VARIABLE = YES;
				MACOSX_DEPLOYMENT_TARGET = 10.12;
				MTL_ENABLE_DEBUG_INFO = NO;
				SDKROOT = macosx;
				SWIFT_OPTIMIZATION_LEVEL = "-Owholemodule";
			};
			name = Release;
		};
		4C74A73D20004DC300CF1206 /* Debug */ = {
			isa = XCBuildConfiguration;
			buildSettings = {
				ASSETCATALOG_COMPILER_APPICON_NAME = AppIcon;
				CLANG_ENABLE_MODULES = YES;
				CODE_SIGN_ENTITLEMENTS = Orrery/Orrery.entitlements;
				CODE_SIGN_STYLE = Automatic;
				COMBINE_HIDPI_IMAGES = YES;
				DEVELOPMENT_TEAM = "";
				INFOPLIST_FILE = Orrery/Info.plist;
				LD_RUNPATH_SEARCH_PATHS = "$(inherited) @executable_path/../Frameworks";
				PRODUCT_BUNDLE_IDENTIFIER = com.norobostudios.Orrery;
				PRODUCT_NAME = "$(TARGET_NAME)";
				SWIFT_OBJC_BRIDGING_HEADER = "Orrery/Orrery-Bridging-Header.h";
				SWIFT_OPTIMIZATION_LEVEL = "-Onone";
				SWIFT_VERSION = 4.0;
			};
			name = Debug;
		};
		4C74A73E20004DC300CF1206 /* Release */ = {
			isa = XCBuildConfiguration;
			buildSettings = {
				ASSETCATALOG_COMPILER_APPICON_NAME = AppIcon;
				CLANG_ENABLE_MODULES = YES;
				CODE_SIGN_ENTITLEMENTS = Orrery/Orrery.entitlements;
				CODE_SIGN_STYLE = Automatic;
				COMBINE_HIDPI_IMAGES = YES;
				DEVELOPMENT_TEAM = "";
				INFOPLIST_FILE = Orrery/Info.plist;
				LD_RUNPATH_SEARCH_PATHS = "$(inherited) @executable_path/../Frameworks";
				PRODUCT_BUNDLE_IDENTIFIER = com.norobostudios.Orrery;
				PRODUCT_NAME = "$(TARGET_NAME)";
				SWIFT_OBJC_BRIDGING_HEADER = "Orrery/Orrery-Bridging-Header.h";
				SWIFT_VERSION = 4.0;
			};
			name = Release;
		};
		4C74A74020004DC300CF1206 /* Debug */ = {
			isa = XCBuildConfiguration;
			buildSettings = {
				ALWAYS_EMBED_SWIFT_STANDARD_LIBRARIES = YES;
				BUNDLE_LOADER = "$(TEST_HOST)";
				CLANG_ENABLE_MODULES = YES;
				CODE_SIGN_STYLE = Automatic;
				COMBINE_HIDPI_IMAGES = YES;
				DEVELOPMENT_TEAM = 486WCLSN49;
				INFOPLIST_FILE = OrreryTests/Info.plist;
				LD_RUNPATH_SEARCH_PATHS = "$(inherited) @executable_path/../Frameworks @loader_path/../Frameworks";
				PRODUCT_BUNDLE_IDENTIFIER = com.norobostudios.OrreryTests;
				PRODUCT_NAME = "$(TARGET_NAME)";
				SWIFT_OBJC_BRIDGING_HEADER = "OrreryTests/OrreryTests-Bridging-Header.h";
				SWIFT_OPTIMIZATION_LEVEL = "-Onone";
				SWIFT_VERSION = 4.0;
				TEST_HOST = "$(BUILT_PRODUCTS_DIR)/Orrery.app/Contents/MacOS/Orrery";
			};
			name = Debug;
		};
		4C74A74120004DC300CF1206 /* Release */ = {
			isa = XCBuildConfiguration;
			buildSettings = {
				ALWAYS_EMBED_SWIFT_STANDARD_LIBRARIES = YES;
				BUNDLE_LOADER = "$(TEST_HOST)";
				CLANG_ENABLE_MODULES = YES;
				CODE_SIGN_STYLE = Automatic;
				COMBINE_HIDPI_IMAGES = YES;
				DEVELOPMENT_TEAM = 486WCLSN49;
				INFOPLIST_FILE = OrreryTests/Info.plist;
				LD_RUNPATH_SEARCH_PATHS = "$(inherited) @executable_path/../Frameworks @loader_path/../Frameworks";
				PRODUCT_BUNDLE_IDENTIFIER = com.norobostudios.OrreryTests;
				PRODUCT_NAME = "$(TARGET_NAME)";
				SWIFT_OBJC_BRIDGING_HEADER = "OrreryTests/OrreryTests-Bridging-Header.h";
				SWIFT_VERSION = 4.0;
				TEST_HOST = "$(BUILT_PRODUCTS_DIR)/Orrery.app/Contents/MacOS/Orrery";
			};
			name = Release;
		};
		4C74A74320004DC300CF1206 /* Debug */ = {
			isa = XCBuildConfiguration;
			buildSettings = {
				ALWAYS_EMBED_SWIFT_STANDARD_LIBRARIES = YES;
				CODE_SIGN_STYLE = Automatic;
				COMBINE_HIDPI_IMAGES = YES;
				DEVELOPMENT_TEAM = 486WCLSN49;
				INFOPLIST_FILE = OrreryUITests/Info.plist;
				LD_RUNPATH_SEARCH_PATHS = "$(inherited) @executable_path/../Frameworks @loader_path/../Frameworks";
				PRODUCT_BUNDLE_IDENTIFIER = com.norobostudios.OrreryUITests;
				PRODUCT_NAME = "$(TARGET_NAME)";
				SWIFT_VERSION = 4.0;
				TEST_TARGET_NAME = Orrery;
			};
			name = Debug;
		};
		4C74A74420004DC300CF1206 /* Release */ = {
			isa = XCBuildConfiguration;
			buildSettings = {
				ALWAYS_EMBED_SWIFT_STANDARD_LIBRARIES = YES;
				CODE_SIGN_STYLE = Automatic;
				COMBINE_HIDPI_IMAGES = YES;
				DEVELOPMENT_TEAM = 486WCLSN49;
				INFOPLIST_FILE = OrreryUITests/Info.plist;
				LD_RUNPATH_SEARCH_PATHS = "$(inherited) @executable_path/../Frameworks @loader_path/../Frameworks";
				PRODUCT_BUNDLE_IDENTIFIER = com.norobostudios.OrreryUITests;
				PRODUCT_NAME = "$(TARGET_NAME)";
				SWIFT_VERSION = 4.0;
				TEST_TARGET_NAME = Orrery;
			};
			name = Release;
		};
/* End XCBuildConfiguration section */

/* Begin XCConfigurationList section */
		4C74A70F20004DC300CF1206 /* Build configuration list for PBXProject "Orrery" */ = {
			isa = XCConfigurationList;
			buildConfigurations = (
				4C74A73A20004DC300CF1206 /* Debug */,
				4C74A73B20004DC300CF1206 /* Release */,
			);
			defaultConfigurationIsVisible = 0;
			defaultConfigurationName = Release;
		};
		4C74A73C20004DC300CF1206 /* Build configuration list for PBXNativeTarget "Orrery" */ = {
			isa = XCConfigurationList;
			buildConfigurations = (
				4C74A73D20004DC300CF1206 /* Debug */,
				4C74A73E20004DC300CF1206 /* Release */,
			);
			defaultConfigurationIsVisible = 0;
			defaultConfigurationName = Release;
		};
		4C74A73F20004DC300CF1206 /* Build configuration list for PBXNativeTarget "OrreryTests" */ = {
			isa = XCConfigurationList;
			buildConfigurations = (
				4C74A74020004DC300CF1206 /* Debug */,
				4C74A74120004DC300CF1206 /* Release */,
			);
			defaultConfigurationIsVisible = 0;
			defaultConfigurationName = Release;
		};
		4C74A74220004DC300CF1206 /* Build configuration list for PBXNativeTarget "OrreryUITests" */ = {
			isa = XCConfigurationList;
			buildConfigurations = (
				4C74A74320004DC300CF1206 /* Debug */,
				4C74A74420004DC300CF1206 /* Release */,
			);
			defaultConfigurationIsVisible = 0;
			defaultConfigurationName = Release;
		};
/* End XCConfigurationList section */
	};
	rootObject = 4C74A70C20004DC300CF1206 /* Project object */;
}
